{
    "name": "folder-content-spitter-outter",
    "version": "1.0.0",
    "lockfileVersion": 3,
    "requires": true,
    "packages": {
        "": {
            "name": "folder-content-spitter-outter",
            "version": "1.0.0",
            "license": "MIT",
            "bin": {
                "filter-script": "folder-content-spitter-outter.sh"
            }
        }
    }
}
